{
  "name": "shaka-hls-live-to-vod-end-duration-bug",
  "version": "1.0.0",
  "lockfileVersion": 3,
  "requires": true,
  "packages": {
    "": {
      "name": "shaka-hls-live-to-vod-end-duration-bug",
      "version": "1.0.0",
      "dependencies": {
        "shaka-player": "4.15.16",
        "shaka-player-latest": "npm:shaka-player@5.2.10"
      },
      "engines": {
        "node": ">=22"
      }
    },
    "node_modules/shaka-player": {
      "version": "4.15.16",
      "resolved": "https://registry.npmjs.org/shaka-player/-/shaka-player-4.15.16.tgz",
      "integrity": "sha512-BI1VIYGfBNloDRdo/RMdEOYH9eqM1bnQmsycvZYr5WLeX6A6hVKOcDTfuVi6Hk4Zw26X8QleCYWvCqXCfUx2SQ==",
      "license": "Apache-2.0",
      "engines": {
        "node": ">=18"
      }
    },
    "node_modules/shaka-player-latest": {
      "name": "shaka-player",
      "version": "5.2.10",
      "resolved": "https://registry.npmjs.org/shaka-player/-/shaka-player-5.2.10.tgz",
      "integrity": "sha512-X1yfQHbBtJyAYeGfu/2jtLcusmW9AFskXjQ6+11PuIBUh20O1I3Y/ERetQ7K6NDenUzo7nt0EgoMoBzVmlBTxg==",
      "license": "Apache-2.0",
      "engines": {
        "node": ">=18"
      }
    }
  }
}
